// !$*UTF8*$!
{
	archiveVersion = 1;
	classes = {
	};
	objectVersion = 50;
	objects = {

/* Begin PBXBuildFile section */
		5535036621D51632007C6664 /* ViewController3.swift in Sources */ = {isa = PBXBuildFile; fileRef = 5535036521D51632007C6664 /* ViewController3.swift */; };
		5535036A21D52115007C6664 /* advice.docx in Resources */ = {isa = PBXBuildFile; fileRef = 5535036921D520B8007C6664 /* advice.docx */; };
		557E1AE121D3DBE900177569 /* AppDelegate.swift in Sources */ = {isa = PBXBuildFile; fileRef = 557E1AE021D3DBE900177569 /* AppDelegate.swift */; };
		557E1AE321D3DBE900177569 /* ViewController.swift in Sources */ = {isa = PBXBuildFile; fileRef = 557E1AE221D3DBE900177569 /* ViewController.swift */; };
		557E1AE621D3DBE900177569 /* Main.storyboard in Resources */ = {isa = PBXBuildFile; fileRef = 557E1AE421D3DBE900177569 /* Main.storyboard */; };
		557E1AEB21D3DBED00177569 /* LaunchScreen.storyboard in Resources */ = {isa = PBXBuildFile; fileRef = 557E1AE921D3DBED00177569 /* LaunchScreen.storyboard */; };
		557E1AF621D3DBED00177569 /* CountdownTests.swift in Sources */ = {isa = PBXBuildFile; fileRef = 557E1AF521D3DBED00177569 /* CountdownTests.swift */; };
		557E1B0121D3DBED00177569 /* CountdownUITests.swift in Sources */ = {isa = PBXBuildFile; fileRef = 557E1B0021D3DBED00177569 /* CountdownUITests.swift */; };
		557E1B0F21D3DE6C00177569 /* Exam.swift in Sources */ = {isa = PBXBuildFile; fileRef = 557E1B0E21D3DE6C00177569 /* Exam.swift */; };
		55EEC5BA21D46A380002E3C9 /* Assets.xcassets in Resources */ = {isa = PBXBuildFile; fileRef = 55EEC5B921D46A380002E3C9 /* Assets.xcassets */; };
		55EEC5BC21D4C2540002E3C9 /* TBController.swift in Sources */ = {isa = PBXBuildFile; fileRef = 55EEC5BB21D4C2540002E3C9 /* TBController.swift */; };
		55EEC5BE21D4C2790002E3C9 /* ViewController2.swift in Sources */ = {isa = PBXBuildFile; fileRef = 55EEC5BD21D4C2790002E3C9 /* ViewController2.swift */; };
/* End PBXBuildFile section */

/* Begin PBXContainerItemProxy section */
		557E1AF221D3DBED00177569 /* PBXContainerItemProxy */ = {
			isa = PBXContainerItemProxy;
			containerPortal = 557E1AD521D3DBE900177569 /* Project object */;
			proxyType = 1;
			remoteGlobalIDString = 557E1ADC21D3DBE900177569;
			remoteInfo = Countdown;
		};
		557E1AFD21D3DBED00177569 /* PBXContainerItemProxy */ = {
			isa = PBXContainerItemProxy;
			containerPortal = 557E1AD521D3DBE900177569 /* Project object */;
			proxyType = 1;
			remoteGlobalIDString = 557E1ADC21D3DBE900177569;
			remoteInfo = Countdown;
		};
/* End PBXContainerItemProxy section */

/* Begin PBXFileReference section */
		5535036521D51632007C6664 /* ViewController3.swift */ = {isa = PBXFileReference; lastKnownFileType = sourcecode.swift; path = ViewController3.swift; sourceTree = "<group>"; };
		5535036921D520B8007C6664 /* advice.docx */ = {isa = PBXFileReference; lastKnownFileType = file; path = advice.docx; sourceTree = "<group>"; };
		557E1ADD21D3DBE900177569 /* Countdown.app */ = {isa = PBXFileReference; explicitFileType = wrapper.application; includeInIndex = 0; path = Countdown.app; sourceTree = BUILT_PRODUCTS_DIR; };
		557E1AE021D3DBE900177569 /* AppDelegate.swift */ = {isa = PBXFileReference; lastKnownFileType = sourcecode.swift; path = AppDelegate.swift; sourceTree = "<group>"; };
		557E1AE221D3DBE900177569 /* ViewController.swift */ = {isa = PBXFileReference; lastKnownFileType = sourcecode.swift; path = ViewController.swift; sourceTree = "<group>"; };
		557E1AE521D3DBE900177569 /* Base */ = {isa = PBXFileReference; lastKnownFileType = file.storyboard; name = Base; path = Base.lproj/Main.storyboard; sourceTree = "<group>"; };
		557E1AEA21D3DBED00177569 /* Base */ = {isa = PBXFileReference; lastKnownFileType = file.storyboard; name = Base; path = Base.lproj/LaunchScreen.storyboard; sourceTree = "<group>"; };
		557E1AEC21D3DBED00177569 /* Info.plist */ = {isa = PBXFileReference; lastKnownFileType = text.plist.xml; path = Info.plist; sourceTree = "<group>"; };
		557E1AF121D3DBED00177569 /* CountdownTests.xctest */ = {isa = PBXFileReference; explicitFileType = wrapper.cfbundle; includeInIndex = 0; path = CountdownTests.xctest; sourceTree = BUILT_PRODUCTS_DIR; };
		557E1AF521D3DBED00177569 /* CountdownTests.swift */ = {isa = PBXFileReference; lastKnownFileType = sourcecode.swift; path = CountdownTests.swift; sourceTree = "<group>"; };
		557E1AF721D3DBED00177569 /* Info.plist */ = {isa = PBXFileReference; lastKnownFileType = text.plist.xml; path = Info.plist; sourceTree = "<group>"; };
		557E1AFC21D3DBED00177569 /* CountdownUITests.xctest */ = {isa = PBXFileReference; explicitFileType = wrapper.cfbundle; includeInIndex = 0; path = CountdownUITests.xctest; sourceTree = BUILT_PRODUCTS_DIR; };
		557E1B0021D3DBED00177569 /* CountdownUITests.swift */ = {isa = PBXFileReference; lastKnownFileType = sourcecode.swift; path = CountdownUITests.swift; sourceTree = "<group>"; };
		557E1B0221D3DBED00177569 /* Info.plist */ = {isa = PBXFileReference; lastKnownFileType = text.plist.xml; path = Info.plist; sourceTree = "<group>"; };
		557E1B0E21D3DE6C00177569 /* Exam.swift */ = {isa = PBXFileReference; lastKnownFileType = sourcecode.swift; path = Exam.swift; sourceTree = "<group>"; };
		55EEC5B921D46A380002E3C9 /* Assets.xcassets */ = {isa = PBXFileReference; lastKnownFileType = folder.assetcatalog; path = Assets.xcassets; sourceTree = "<group>"; };
		55EEC5BB21D4C2540002E3C9 /* TBController.swift */ = {isa = PBXFileReference; lastKnownFileType = sourcecode.swift; path = TBController.swift; sourceTree = "<group>"; };
		55EEC5BD21D4C2790002E3C9 /* ViewController2.swift */ = {isa = PBXFileReference; lastKnownFileType = sourcecode.swift; path = ViewController2.swift; sourceTree = "<group>"; };
/* End PBXFileReference section */

/* Begin PBXFrameworksBuildPhase section */
		557E1ADA21D3DBE900177569 /* Frameworks */ = {
			isa = PBXFrameworksBuildPhase;
			buildActionMask = 2147483647;
			files = (
			);
			runOnlyForDeploymentPostprocessing = 0;
		};
		557E1AEE21D3DBED00177569 /* Frameworks */ = {
			isa = PBXFrameworksBuildPhase;
			buildActionMask = 2147483647;
			files = (
			);
			runOnlyForDeploymentPostprocessing = 0;
		};
		557E1AF921D3DBED00177569 /* Frameworks */ = {
			isa = PBXFrameworksBuildPhase;
			buildActionMask = 2147483647;
			files = (
			);
			runOnlyForDeploymentPostprocessing = 0;
		};
/* End PBXFrameworksBuildPhase section */

/* Begin PBXGroup section */
		557E1AD421D3DBE900177569 = {
			isa = PBXGroup;
			children = (
				557E1ADF21D3DBE900177569 /* Countdown */,
				557E1AF421D3DBED00177569 /* CountdownTests */,
				557E1AFF21D3DBED00177569 /* CountdownUITests */,
				557E1ADE21D3DBE900177569 /* Products */,
			);
			sourceTree = "<group>";
		};
		557E1ADE21D3DBE900177569 /* Products */ = {
			isa = PBXGroup;
			children = (
				557E1ADD21D3DBE900177569 /* Countdown.app */,
				557E1AF121D3DBED00177569 /* CountdownTests.xctest */,
				557E1AFC21D3DBED00177569 /* CountdownUITests.xctest */,
			);
			name = Products;
			sourceTree = "<group>";
		};
		557E1ADF21D3DBE900177569 /* Countdown */ = {
			isa = PBXGroup;
			children = (
				557E1AE021D3DBE900177569 /* AppDelegate.swift */,
				557E1AE221D3DBE900177569 /* ViewController.swift */,
				55EEC5BB21D4C2540002E3C9 /* TBController.swift */,
				55EEC5BD21D4C2790002E3C9 /* ViewController2.swift */,
				5535036521D51632007C6664 /* ViewController3.swift */,
				5535036921D520B8007C6664 /* advice.docx */,
				557E1B0E21D3DE6C00177569 /* Exam.swift */,
				557E1AE421D3DBE900177569 /* Main.storyboard */,
				557E1AE921D3DBED00177569 /* LaunchScreen.storyboard */,
				55EEC5B921D46A380002E3C9 /* Assets.xcassets */,
				557E1AEC21D3DBED00177569 /* Info.plist */,
			);
			path = Countdown;
			sourceTree = "<group>";
		};
		557E1AF421D3DBED00177569 /* CountdownTests */ = {
			isa = PBXGroup;
			children = (
				557E1AF521D3DBED00177569 /* CountdownTests.swift */,
				557E1AF721D3DBED00177569 /* Info.plist */,
			);
			path = CountdownTests;
			sourceTree = "<group>";
		};
		557E1AFF21D3DBED00177569 /* CountdownUITests */ = {
			isa = PBXGroup;
			children = (
				557E1B0021D3DBED00177569 /* CountdownUITests.swift */,
				557E1B0221D3DBED00177569 /* Info.plist */,
			);
			path = CountdownUITests;
			sourceTree = "<group>";
		};
/* End PBXGroup section */

/* Begin PBXNativeTarget section */
		557E1ADC21D3DBE900177569 /* Countdown */ = {
			isa = PBXNativeTarget;
			buildConfigurationList = 557E1B0521D3DBED00177569 /* Build configuration list for PBXNativeTarget "Countdown" */;
			buildPhases = (
				557E1AD921D3DBE900177569 /* Sources */,
				557E1ADA21D3DBE900177569 /* Frameworks */,
				557E1ADB21D3DBE900177569 /* Resources */,
			);
			buildRules = (
			);
			dependencies = (
			);
			name = Countdown;
			productName = Countdown;
			productReference = 557E1ADD21D3DBE900177569 /* Countdown.app */;
			productType = "com.apple.product-type.application";
		};
		557E1AF021D3DBED00177569 /* CountdownTests */ = {
			isa = PBXNativeTarget;
			buildConfigurationList = 557E1B0821D3DBED00177569 /* Build configuration list for PBXNativeTarget "CountdownTests" */;
			buildPhases = (
				557E1AED21D3DBED00177569 /* Sources */,
				557E1AEE21D3DBED00177569 /* Frameworks */,
				557E1AEF21D3DBED00177569 /* Resources */,
			);
			buildRules = (
			);
			dependencies = (
				557E1AF321D3DBED00177569 /* PBXTargetDependency */,
			);
			name = CountdownTests;
			productName = CountdownTests;
			productReference = 557E1AF121D3DBED00177569 /* CountdownTests.xctest */;
			productType = "com.apple.product-type.bundle.unit-test";
		};
		557E1AFB21D3DBED00177569 /* CountdownUITests */ = {
			isa = PBXNativeTarget;
			buildConfigurationList = 557E1B0B21D3DBED00177569 /* Build configuration list for PBXNativeTarget "CountdownUITests" */;
			buildPhases = (
				557E1AF821D3DBED00177569 /* Sources */,
				557E1AF921D3DBED00177569 /* Frameworks */,
				557E1AFA21D3DBED00177569 /* Resources */,
			);
			buildRules = (
			);
			dependencies = (
				557E1AFE21D3DBED00177569 /* PBXTargetDependency */,
			);
			name = CountdownUITests;
			productName = CountdownUITests;
			productReference = 557E1AFC21D3DBED00177569 /* CountdownUITests.xctest */;
			productType = "com.apple.product-type.bundle.ui-testing";
		};
/* End PBXNativeTarget section */

/* Begin PBXProject section */
		557E1AD521D3DBE900177569 /* Project object */ = {
			isa = PBXProject;
			attributes = {
				LastSwiftUpdateCheck = 1010;
				LastUpgradeCheck = 1010;
				ORGANIZATIONNAME = "Haichen Dong";
				TargetAttributes = {
					557E1ADC21D3DBE900177569 = {
						CreatedOnToolsVersion = 10.1;
					};
					557E1AF021D3DBED00177569 = {
						CreatedOnToolsVersion = 10.1;
						TestTargetID = 557E1ADC21D3DBE900177569;
					};
					557E1AFB21D3DBED00177569 = {
						CreatedOnToolsVersion = 10.1;
						TestTargetID = 557E1ADC21D3DBE900177569;
					};
				};
			};
			buildConfigurationList = 557E1AD821D3DBE900177569 /* Build configuration list for PBXProject "Countdown" */;
			compatibilityVersion = "Xcode 9.3";
			developmentRegion = en;
			hasScannedForEncodings = 0;
			knownRegions = (
				en,
				Base,
			);
			mainGroup = 557E1AD421D3DBE900177569;
			productRefGroup = 557E1ADE21D3DBE900177569 /* Products */;
			projectDirPath = "";
			projectRoot = "";
			targets = (
				557E1ADC21D3DBE900177569 /* Countdown */,
				557E1AF021D3DBED00177569 /* CountdownTests */,
				557E1AFB21D3DBED00177569 /* CountdownUITests */,
			);
		};
/* End PBXProject section */

/* Begin PBXResourcesBuildPhase section */
		557E1ADB21D3DBE900177569 /* Resources */ = {
			isa = PBXResourcesBuildPhase;
			buildActionMask = 2147483647;
			files = (
				5535036A21D52115007C6664 /* advice.docx in Resources */,
				557E1AEB21D3DBED00177569 /* LaunchScreen.storyboard in Resources */,
				55EEC5BA21D46A380002E3C9 /* Assets.xcassets in Resources */,
				557E1AE621D3DBE900177569 /* Main.storyboard in Resources */,
			);
			runOnlyForDeploymentPostprocessing = 0;
		};
		557E1AEF21D3DBED00177569 /* Resources */ = {
			isa = PBXResourcesBuildPhase;
			buildActionMask = 2147483647;
			files = (
			);
			runOnlyForDeploymentPostprocessing = 0;
		};
		557E1AFA21D3DBED00177569 /* Resources */ = {
			isa = PBXResourcesBuildPhase;
			buildActionMask = 2147483647;
			files = (
			);
			runOnlyForDeploymentPostprocessing = 0;
		};
/* End PBXResourcesBuildPhase section */

/* Begin PBXSourcesBuildPhase section */
		557E1AD921D3DBE900177569 /* Sources */ = {
			isa = PBXSourcesBuildPhase;
			buildActionMask = 2147483647;
			files = (
				55EEC5BE21D4C2790002E3C9 /* ViewController2.swift in Sources */,
				557E1AE321D3DBE900177569 /* ViewController.swift in Sources */,
				5535036621D51632007C6664 /* ViewController3.swift in Sources */,
				557E1AE121D3DBE900177569 /* AppDelegate.swift in Sources */,
				557E1B0F21D3DE6C00177569 /* Exam.swift in Sources */,
				55EEC5BC21D4C2540002E3C9 /* TBController.swift in Sources */,
			);
			runOnlyForDeploymentPostprocessing = 0;
		};
		557E1AED21D3DBED00177569 /* Sources */ = {
			isa = PBXSourcesBuildPhase;
			buildActionMask = 2147483647;
			files = (
				557E1AF621D3DBED00177569 /* CountdownTests.swift in Sources */,
			);
			runOnlyForDeploymentPostprocessing = 0;
		};
		557E1AF821D3DBED00177569 /* Sources */ = {
			isa = PBXSourcesBuildPhase;
			buildActionMask = 2147483647;
			files = (
				557E1B0121D3DBED00177569 /* CountdownUITests.swift in Sources */,
			);
			runOnlyForDeploymentPostprocessing = 0;
		};
/* End PBXSourcesBuildPhase section */

/* Begin PBXTargetDependency section */
		557E1AF321D3DBED00177569 /* PBXTargetDependency */ = {
			isa = PBXTargetDependency;
			target = 557E1ADC21D3DBE900177569 /* Countdown */;
			targetProxy = 557E1AF221D3DBED00177569 /* PBXContainerItemProxy */;
		};
		557E1AFE21D3DBED00177569 /* PBXTargetDependency */ = {
			isa = PBXTargetDependency;
			target = 557E1ADC21D3DBE900177569 /* Countdown */;
			targetProxy = 557E1AFD21D3DBED00177569 /* PBXContainerItemProxy */;
		};
/* End PBXTargetDependency section */

/* Begin PBXVariantGroup section */
		557E1AE421D3DBE900177569 /* Main.storyboard */ = {
			isa = PBXVariantGroup;
			children = (
				557E1AE521D3DBE900177569 /* Base */,
			);
			name = Main.storyboard;
			sourceTree = "<group>";
		};
		557E1AE921D3DBED00177569 /* LaunchScreen.storyboard */ = {
			isa = PBXVariantGroup;
			children = (
				557E1AEA21D3DBED00177569 /* Base */,
			);
			name = LaunchScreen.storyboard;
			sourceTree = "<group>";
		};
/* End PBXVariantGroup section */

/* Begin XCBuildConfiguration section */
		557E1B0321D3DBED00177569 /* Debug */ = {
			isa = XCBuildConfiguration;
			buildSettings = {
				ALWAYS_SEARCH_USER_PATHS = NO;
				CLANG_ANALYZER_NONNULL = YES;
				CLANG_ANALYZER_NUMBER_OBJECT_CONVERSION = YES_AGGRESSIVE;
				CLANG_CXX_LANGUAGE_STANDARD = "gnu++14";
				CLANG_CXX_LIBRARY = "libc++";
				CLANG_ENABLE_MODULES = YES;
				CLANG_ENABLE_OBJC_ARC = YES;
				CLANG_ENABLE_OBJC_WEAK = YES;
				CLANG_WARN_BLOCK_CAPTURE_AUTORELEASING = YES;
				CLANG_WARN_BOOL_CONVERSION = YES;
				CLANG_WARN_COMMA = YES;
				CLANG_WARN_CONSTANT_CONVERSION = YES;
				CLANG_WARN_DEPRECATED_OBJC_IMPLEMENTATIONS = YES;
				CLANG_WARN_DIRECT_OBJC_ISA_USAGE = YES_ERROR;
				CLANG_WARN_DOCUMENTATION_COMMENTS = YES;
				CLANG_WARN_EMPTY_BODY = YES;
				CLANG_WARN_ENUM_CONVERSION = YES;
				CLANG_WARN_INFINITE_RECURSION = YES;
				CLANG_WARN_INT_CONVERSION = YES;
				CLANG_WARN_NON_LITERAL_NULL_CONVERSION = YES;
				CLANG_WARN_OBJC_IMPLICIT_RETAIN_SELF = YES;
				CLANG_WARN_OBJC_LITERAL_CONVERSION = YES;
				CLANG_WARN_OBJC_ROOT_CLASS = YES_ERROR;
				CLANG_WARN_RANGE_LOOP_ANALYSIS = YES;
				CLANG_WARN_STRICT_PROTOTYPES = YES;
				CLANG_WARN_SUSPICIOUS_MOVE = YES;
				CLANG_WARN_UNGUARDED_AVAILABILITY = YES_AGGRESSIVE;
				CLANG_WARN_UNREACHABLE_CODE = YES;
				CLANG_WARN__DUPLICATE_METHOD_MATCH = YES;
				CODE_SIGN_IDENTITY = "iPhone Developer";
				COPY_PHASE_STRIP = NO;
				DEBUG_INFORMATION_FORMAT = dwarf;
				ENABLE_STRICT_OBJC_MSGSEND = YES;
				ENABLE_TESTABILITY = YES;
				GCC_C_LANGUAGE_STANDARD = gnu11;
				GCC_DYNAMIC_NO_PIC = NO;
				GCC_NO_COMMON_BLOCKS = YES;
				GCC_OPTIMIZATION_LEVEL = 0;
				GCC_PREPROCESSOR_DEFINITIONS = (
					"DEBUG=1",
					"$(inherited)",
				);
				GCC_WARN_64_TO_32_BIT_CONVERSION = YES;
				GCC_WARN_ABOUT_RETURN_TYPE = YES_ERROR;
				GCC_WARN_UNDECLARED_SELECTOR = YES;
				GCC_WARN_UNINITIALIZED_AUTOS = YES_AGGRESSIVE;
				GCC_WARN_UNUSED_FUNCTION = YES;
				GCC_WARN_UNUSED_VARIABLE = YES;
				IPHONEOS_DEPLOYMENT_TARGET = 12.1;
				MTL_ENABLE_DEBUG_INFO = INCLUDE_SOURCE;
				MTL_FAST_MATH = YES;
				ONLY_ACTIVE_ARCH = YES;
				SDKROOT = iphoneos;
				SWIFT_ACTIVE_COMPILATION_CONDITIONS = DEBUG;
				SWIFT_OPTIMIZATION_LEVEL = "-Onone";
			};
			name = Debug;
		};
		557E1B0421D3DBED00177569 /* Release */ = {
			isa = XCBuildConfiguration;
			buildSettings = {
				ALWAYS_SEARCH_USER_PATHS = NO;
				CLANG_ANALYZER_NONNULL = YES;
				CLANG_ANALYZER_NUMBER_OBJECT_CONVERSION = YES_AGGRESSIVE;
				CLANG_CXX_LANGUAGE_STANDARD = "gnu++14";
				CLANG_CXX_LIBRARY = "libc++";
				CLANG_ENABLE_MODULES = YES;
				CLANG_ENABLE_OBJC_ARC = YES;
				CLANG_ENABLE_OBJC_WEAK = YES;
				CLANG_WARN_BLOCK_CAPTURE_AUTORELEASING = YES;
				CLANG_WARN_BOOL_CONVERSION = YES;
				CLANG_WARN_COMMA = YES;
				CLANG_WARN_CONSTANT_CONVERSION = YES;
				CLANG_WARN_DEPRECATED_OBJC_IMPLEMENTATIONS = YES;
				CLANG_WARN_DIRECT_OBJC_ISA_USAGE = YES_ERROR;
				CLANG_WARN_DOCUMENTATION_COMMENTS = YES;
				CLANG_WARN_EMPTY_BODY = YES;
				CLANG_WARN_ENUM_CONVERSION = YES;
				CLANG_WARN_INFINITE_RECURSION = YES;
				CLANG_WARN_INT_CONVERSION = YES;
				CLANG_WARN_NON_LITERAL_NULL_CONVERSION = YES;
				CLANG_WARN_OBJC_IMPLICIT_RETAIN_SELF = YES;
				CLANG_WARN_OBJC_LITERAL_CONVERSION = YES;
				CLANG_WARN_OBJC_ROOT_CLASS = YES_ERROR;
				CLANG_WARN_RANGE_LOOP_ANALYSIS = YES;
				CLANG_WARN_STRICT_PROTOTYPES = YES;
				CLANG_WARN_SUSPICIOUS_MOVE = YES;
				CLANG_WARN_UNGUARDED_AVAILABILITY = YES_AGGRESSIVE;
				CLANG_WARN_UNREACHABLE_CODE = YES;
				CLANG_WARN__DUPLICATE_METHOD_MATCH = YES;
				CODE_SIGN_IDENTITY = "iPhone Developer";
				COPY_PHASE_STRIP = NO;
				DEBUG_INFORMATION_FORMAT = "dwarf-with-dsym";
				ENABLE_NS_ASSERTIONS = NO;
				ENABLE_STRICT_OBJC_MSGSEND = YES;
				GCC_C_LANGUAGE_STANDARD = gnu11;
				GCC_NO_COMMON_BLOCKS = YES;
				GCC_WARN_64_TO_32_BIT_CONVERSION = YES;
				GCC_WARN_ABOUT_RETURN_TYPE = YES_ERROR;
				GCC_WARN_UNDECLARED_SELECTOR = YES;
				GCC_WARN_UNINITIALIZED_AUTOS = YES_AGGRESSIVE;
				GCC_WARN_UNUSED_FUNCTION = YES;
				GCC_WARN_UNUSED_VARIABLE = YES;
				IPHONEOS_DEPLOYMENT_TARGET = 12.1;
				MTL_ENABLE_DEBUG_INFO = NO;
				MTL_FAST_MATH = YES;
				SDKROOT = iphoneos;
				SWIFT_COMPILATION_MODE = wholemodule;
				SWIFT_OPTIMIZATION_LEVEL = "-O";
				VALIDATE_PRODUCT = YES;
			};
			name = Release;
		};
		557E1B0621D3DBED00177569 /* Debug */ = {
			isa = XCBuildConfiguration;
			buildSettings = {
				ASSETCATALOG_COMPILER_APPICON_NAME = AppIcon;
				CODE_SIGN_STYLE = Automatic;
				DEVELOPMENT_TEAM = AEF5CS25ZL;
				INFOPLIST_FILE = Countdown/Info.plist;
				LD_RUNPATH_SEARCH_PATHS = (
					"$(inherited)",
					"@executable_path/Frameworks",
				);
				PRODUCT_BUNDLE_IDENTIFIER = oscardhc.Countdown;
				PRODUCT_NAME = "$(TARGET_NAME)";
				SWIFT_VERSION = 4.2;
				TARGETED_DEVICE_FAMILY = "1,2";
			};
			name = Debug;
		};
		557E1B0721D3DBED00177569 /* Release */ = {
			isa = XCBuildConfiguration;
			buildSettings = {
				ASSETCATALOG_COMPILER_APPICON_NAME = AppIcon;
				CODE_SIGN_STYLE = Automatic;
				DEVELOPMENT_TEAM = AEF5CS25ZL;
				INFOPLIST_FILE = Countdown/Info.plist;
				LD_RUNPATH_SEARCH_PATHS = (
					"$(inherited)",
					"@executable_path/Frameworks",
				);
				PRODUCT_BUNDLE_IDENTIFIER = oscardhc.Countdown;
				PRODUCT_NAME = "$(TARGET_NAME)";
				SWIFT_VERSION = 4.2;
				TARGETED_DEVICE_FAMILY = "1,2";
			};
			name = Release;
		};
		557E1B0921D3DBED00177569 /* Debug */ = {
			isa = XCBuildConfiguration;
			buildSettings = {
				ALWAYS_EMBED_SWIFT_STANDARD_LIBRARIES = YES;
				BUNDLE_LOADER = "$(TEST_HOST)";
				CODE_SIGN_STYLE = Automatic;
				DEVELOPMENT_TEAM = AEF5CS25ZL;
				INFOPLIST_FILE = CountdownTests/Info.plist;
				LD_RUNPATH_SEARCH_PATHS = (
					"$(inherited)",
					"@executable_path/Frameworks",
					"@loader_path/Frameworks",
				);
				PRODUCT_BUNDLE_IDENTIFIER = oscardhc.CountdownTests;
				PRODUCT_NAME = "$(TARGET_NAME)";
				SWIFT_VERSION = 4.2;
				TARGETED_DEVICE_FAMILY = "1,2";
				TEST_HOST = "$(BUILT_PRODUCTS_DIR)/Countdown.app/Countdown";
			};
			name = Debug;
		};
		557E1B0A21D3DBED00177569 /* Release */ = {
			isa = XCBuildConfiguration;
			buildSettings = {
				ALWAYS_EMBED_SWIFT_STANDARD_LIBRARIES = YES;
				BUNDLE_LOADER = "$(TEST_HOST)";
				CODE_SIGN_STYLE = Automatic;
				DEVELOPMENT_TEAM = AEF5CS25ZL;
				INFOPLIST_FILE = CountdownTests/Info.plist;
				LD_RUNPATH_SEARCH_PATHS = (
					"$(inherited)",
					"@executable_path/Frameworks",
					"@loader_path/Frameworks",
				);
				PRODUCT_BUNDLE_IDENTIFIER = oscardhc.CountdownTests;
				PRODUCT_NAME = "$(TARGET_NAME)";
				SWIFT_VERSION = 4.2;
				TARGETED_DEVICE_FAMILY = "1,2";
				TEST_HOST = "$(BUILT_PRODUCTS_DIR)/Countdown.app/Countdown";
			};
			name = Release;
		};
		557E1B0C21D3DBED00177569 /* Debug */ = {
			isa = XCBuildConfiguration;
			buildSettings = {
				ALWAYS_EMBED_SWIFT_STANDARD_LIBRARIES = YES;
				CODE_SIGN_STYLE = Automatic;
				DEVELOPMENT_TEAM = AEF5CS25ZL;
				INFOPLIST_FILE = CountdownUITests/Info.plist;
				LD_RUNPATH_SEARCH_PATHS = (
					"$(inherited)",
					"@executable_path/Frameworks",
					"@loader_path/Frameworks",
				);
				PRODUCT_BUNDLE_IDENTIFIER = oscardhc.CountdownUITests;
				PRODUCT_NAME = "$(TARGET_NAME)";
				SWIFT_VERSION = 4.2;
				TARGETED_DEVICE_FAMILY = "1,2";
				TEST_TARGET_NAME = Countdown;
			};
			name = Debug;
		};
		557E1B0D21D3DBED00177569 /* Release */ = {
			isa = XCBuildConfiguration;
			buildSettings = {
				ALWAYS_EMBED_SWIFT_STANDARD_LIBRARIES = YES;
				CODE_SIGN_STYLE = Automatic;
				DEVELOPMENT_TEAM = AEF5CS25ZL;
				INFOPLIST_FILE = CountdownUITests/Info.plist;
				LD_RUNPATH_SEARCH_PATHS = (
					"$(inherited)",
					"@executable_path/Frameworks",
					"@loader_path/Frameworks",
				);
				PRODUCT_BUNDLE_IDENTIFIER = oscardhc.CountdownUITests;
				PRODUCT_NAME = "$(TARGET_NAME)";
				SWIFT_VERSION = 4.2;
				TARGETED_DEVICE_FAMILY = "1,2";
				TEST_TARGET_NAME = Countdown;
			};
			name = Release;
		};
/* End XCBuildConfiguration section */

/* Begin XCConfigurationList section */
		557E1AD821D3DBE900177569 /* Build configuration list for PBXProject "Countdown" */ = {
			isa = XCConfigurationList;
			buildConfigurations = (
				557E1B0321D3DBED00177569 /* Debug */,
				557E1B0421D3DBED00177569 /* Release */,
			);
			defaultConfigurationIsVisible = 0;
			defaultConfigurationName = Release;
		};
		557E1B0521D3DBED00177569 /* Build configuration list for PBXNativeTarget "Countdown" */ = {
			isa = XCConfigurationList;
			buildConfigurations = (
				557E1B0621D3DBED00177569 /* Debug */,
				557E1B0721D3DBED00177569 /* Release */,
			);
			defaultConfigurationIsVisible = 0;
			defaultConfigurationName = Release;
		};
		557E1B0821D3DBED00177569 /* Build configuration list for PBXNativeTarget "CountdownTests" */ = {
			isa = XCConfigurationList;
			buildConfigurations = (
				557E1B0921D3DBED00177569 /* Debug */,
				557E1B0A21D3DBED00177569 /* Release */,
			);
			defaultConfigurationIsVisible = 0;
			defaultConfigurationName = Release;
		};
		557E1B0B21D3DBED00177569 /* Build configuration list for PBXNativeTarget "CountdownUITests" */ = {
			isa = XCConfigurationList;
			buildConfigurations = (
				557E1B0C21D3DBED00177569 /* Debug */,
				557E1B0D21D3DBED00177569 /* Release */,
			);
			defaultConfigurationIsVisible = 0;
			defaultConfigurationName = Release;
		};
/* End XCConfigurationList section */
	};
	rootObject = 557E1AD521D3DBE900177569 /* Project object */;
}
